{
  "name": "webpack_demo_test",
  "version": "1.0.0",
  "lockfileVersion": 1,
  "requires": true,
  "dependencies": {
    "requirejs": {
      "version": "2.3.6",
      "resolved": "http://192.168.0.179:6020/requirejs/-/requirejs-2.3.6.tgz",
      "integrity": "sha1-5Qk9lgHCgpJRJYwLlEXU0Z+p58k="
    },
    "webpack_demo": {
      "version": "1.0.2",
      "resolved": "http://192.168.0.179:6020/webpack_demo/-/webpack_demo-1.0.2.tgz",
      "integrity": "sha512-tOAw3tp9N4Asgyve8LRE1SfZj2lAyHTbJ9tgd8GkFq4NeMNNRGIGOgUB6VE2Sv/20IrXGsbp6Kk+cvSz72iVlA=="
    }
  }
}
